// !$*UTF8*$!
{
	archiveVersion = 1;
	classes = {
	};
	objectVersion = 48;
	objects = {

/* Begin PBXBuildFile section */
		9911209C2078FF5A00DF825C /* AppDelegate.swift in Sources */ = {isa = PBXBuildFile; fileRef = 9911209B2078FF5A00DF825C /* AppDelegate.swift */; };
		9911209E2078FF5A00DF825C /* FirstViewController.swift in Sources */ = {isa = PBXBuildFile; fileRef = 9911209D2078FF5A00DF825C /* FirstViewController.swift */; };
		991120A02078FF5A00DF825C /* SecondViewController.swift in Sources */ = {isa = PBXBuildFile; fileRef = 9911209F2078FF5A00DF825C /* SecondViewController.swift */; };
		991120A32078FF5A00DF825C /* Main.storyboard in Resources */ = {isa = PBXBuildFile; fileRef = 991120A12078FF5A00DF825C /* Main.storyboard */; };
		991120A52078FF5A00DF825C /* Assets.xcassets in Resources */ = {isa = PBXBuildFile; fileRef = 991120A42078FF5A00DF825C /* Assets.xcassets */; };
		991120A82078FF5A00DF825C /* LaunchScreen.storyboard in Resources */ = {isa = PBXBuildFile; fileRef = 991120A62078FF5A00DF825C /* LaunchScreen.storyboard */; };
		991120B32078FF5A00DF825C /* LemonStoneTests.swift in Sources */ = {isa = PBXBuildFile; fileRef = 991120B22078FF5A00DF825C /* LemonStoneTests.swift */; };
		991120BE2078FF5A00DF825C /* LemonStoneUITests.swift in Sources */ = {isa = PBXBuildFile; fileRef = 991120BD2078FF5A00DF825C /* LemonStoneUITests.swift */; };
		991120D02079006000DF825C /* LSImageLibraryVC.swift in Sources */ = {isa = PBXBuildFile; fileRef = 991120CF2079006000DF825C /* LSImageLibraryVC.swift */; };
		991120D320790DC800DF825C /* GlobalConstant.swift in Sources */ = {isa = PBXBuildFile; fileRef = 991120D220790DC800DF825C /* GlobalConstant.swift */; };
		991120DB2079513400DF825C /* purple.jpg in Resources */ = {isa = PBXBuildFile; fileRef = 991120D52079513400DF825C /* purple.jpg */; };
		991120DC2079513400DF825C /* yellow.jpg in Resources */ = {isa = PBXBuildFile; fileRef = 991120D62079513400DF825C /* yellow.jpg */; };
		991120DD2079513400DF825C /* two.jpeg in Resources */ = {isa = PBXBuildFile; fileRef = 991120D72079513400DF825C /* two.jpeg */; };
		991120DE2079513400DF825C /* white.jpeg in Resources */ = {isa = PBXBuildFile; fileRef = 991120D82079513400DF825C /* white.jpeg */; };
		991120DF2079513400DF825C /* red.jpeg in Resources */ = {isa = PBXBuildFile; fileRef = 991120D92079513400DF825C /* red.jpeg */; };
		991120E02079513400DF825C /* rose.jpg in Resources */ = {isa = PBXBuildFile; fileRef = 991120DA2079513400DF825C /* rose.jpg */; };
		991120E32079524C00DF825C /* LSLibraryCollectionLocalCell.swift in Sources */ = {isa = PBXBuildFile; fileRef = 991120E12079524C00DF825C /* LSLibraryCollectionLocalCell.swift */; };
		991120E42079524C00DF825C /* LSLibraryCollectionLocalCell.xib in Resources */ = {isa = PBXBuildFile; fileRef = 991120E22079524C00DF825C /* LSLibraryCollectionLocalCell.xib */; };
		993EF892207A4608005B9D13 /* GrayScaleTool.swift in Sources */ = {isa = PBXBuildFile; fileRef = 993EF891207A4608005B9D13 /* GrayScaleTool.swift */; };
		993EF894207A4625005B9D13 /* BaseImageLoader.swift in Sources */ = {isa = PBXBuildFile; fileRef = 993EF893207A4625005B9D13 /* BaseImageLoader.swift */; };
		993EF897207A4BF7005B9D13 /* LSPixel.swift in Sources */ = {isa = PBXBuildFile; fileRef = 993EF896207A4BF7005B9D13 /* LSPixel.swift */; };
		993EF899207A53BC005B9D13 /* lena.gif in Resources */ = {isa = PBXBuildFile; fileRef = 993EF898207A53BC005B9D13 /* lena.gif */; };
		993EF89B207A554D005B9D13 /* RGBA.swift in Sources */ = {isa = PBXBuildFile; fileRef = 993EF89A207A554D005B9D13 /* RGBA.swift */; };
		993EF8A0207A9F0C005B9D13 /* LSImageTestVCViewController.swift in Sources */ = {isa = PBXBuildFile; fileRef = 993EF89F207A9F0C005B9D13 /* LSImageTestVCViewController.swift */; };
		998881DA207999440098818A /* LSLocalLibraryCollectionView.swift in Sources */ = {isa = PBXBuildFile; fileRef = 998881D9207999440098818A /* LSLocalLibraryCollectionView.swift */; };
		998881DE20799A760098818A /* LSLocalPhotoManager.swift in Sources */ = {isa = PBXBuildFile; fileRef = 998881DD20799A760098818A /* LSLocalPhotoManager.swift */; };
		998881E12079A2500098818A /* LSLibraryCollectionCloudCell.xib in Resources */ = {isa = PBXBuildFile; fileRef = 998881DF2079A24F0098818A /* LSLibraryCollectionCloudCell.xib */; };
		998881E22079A2500098818A /* LSLibraryCollectionCloudCell.swift in Sources */ = {isa = PBXBuildFile; fileRef = 998881E02079A24F0098818A /* LSLibraryCollectionCloudCell.swift */; };
/* End PBXBuildFile section */

/* Begin PBXContainerItemProxy section */
		991120AF2078FF5A00DF825C /* PBXContainerItemProxy */ = {
			isa = PBXContainerItemProxy;
			containerPortal = 991120902078FF5A00DF825C /* Project object */;
			proxyType = 1;
			remoteGlobalIDString = 991120972078FF5A00DF825C;
			remoteInfo = LemonStone;
		};
		991120BA2078FF5A00DF825C /* PBXContainerItemProxy */ = {
			isa = PBXContainerItemProxy;
			containerPortal = 991120902078FF5A00DF825C /* Project object */;
			proxyType = 1;
			remoteGlobalIDString = 991120972078FF5A00DF825C;
			remoteInfo = LemonStone;
		};
/* End PBXContainerItemProxy section */

/* Begin PBXFileReference section */
		991120982078FF5A00DF825C /* LemonStone.app */ = {isa = PBXFileReference; explicitFileType = wrapper.application; includeInIndex = 0; path = LemonStone.app; sourceTree = BUILT_PRODUCTS_DIR; };
		9911209B2078FF5A00DF825C /* AppDelegate.swift */ = {isa = PBXFileReference; lastKnownFileType = sourcecode.swift; path = AppDelegate.swift; sourceTree = "<group>"; };
		9911209D2078FF5A00DF825C /* FirstViewController.swift */ = {isa = PBXFileReference; lastKnownFileType = sourcecode.swift; path = FirstViewController.swift; sourceTree = "<group>"; };
		9911209F2078FF5A00DF825C /* SecondViewController.swift */ = {isa = PBXFileReference; lastKnownFileType = sourcecode.swift; path = SecondViewController.swift; sourceTree = "<group>"; };
		991120A22078FF5A00DF825C /* Base */ = {isa = PBXFileReference; lastKnownFileType = file.storyboard; name = Base; path = Base.lproj/Main.storyboard; sourceTree = "<group>"; };
		991120A42078FF5A00DF825C /* Assets.xcassets */ = {isa = PBXFileReference; lastKnownFileType = folder.assetcatalog; path = Assets.xcassets; sourceTree = "<group>"; };
		991120A72078FF5A00DF825C /* Base */ = {isa = PBXFileReference; lastKnownFileType = file.storyboard; name = Base; path = Base.lproj/LaunchScreen.storyboard; sourceTree = "<group>"; };
		991120A92078FF5A00DF825C /* Info.plist */ = {isa = PBXFileReference; lastKnownFileType = text.plist.xml; path = Info.plist; sourceTree = "<group>"; };
		991120AE2078FF5A00DF825C /* LemonStoneTests.xctest */ = {isa = PBXFileReference; explicitFileType = wrapper.cfbundle; includeInIndex = 0; path = LemonStoneTests.xctest; sourceTree = BUILT_PRODUCTS_DIR; };
		991120B22078FF5A00DF825C /* LemonStoneTests.swift */ = {isa = PBXFileReference; lastKnownFileType = sourcecode.swift; path = LemonStoneTests.swift; sourceTree = "<group>"; };
		991120B42078FF5A00DF825C /* Info.plist */ = {isa = PBXFileReference; lastKnownFileType = text.plist.xml; path = Info.plist; sourceTree = "<group>"; };
		991120B92078FF5A00DF825C /* LemonStoneUITests.xctest */ = {isa = PBXFileReference; explicitFileType = wrapper.cfbundle; includeInIndex = 0; path = LemonStoneUITests.xctest; sourceTree = BUILT_PRODUCTS_DIR; };
		991120BD2078FF5A00DF825C /* LemonStoneUITests.swift */ = {isa = PBXFileReference; lastKnownFileType = sourcecode.swift; path = LemonStoneUITests.swift; sourceTree = "<group>"; };
		991120BF2078FF5A00DF825C /* Info.plist */ = {isa = PBXFileReference; lastKnownFileType = text.plist.xml; path = Info.plist; sourceTree = "<group>"; };
		991120CF2079006000DF825C /* LSImageLibraryVC.swift */ = {isa = PBXFileReference; lastKnownFileType = sourcecode.swift; path = LSImageLibraryVC.swift; sourceTree = "<group>"; };
		991120D220790DC800DF825C /* GlobalConstant.swift */ = {isa = PBXFileReference; lastKnownFileType = sourcecode.swift; path = GlobalConstant.swift; sourceTree = "<group>"; };
		991120D52079513400DF825C /* purple.jpg */ = {isa = PBXFileReference; lastKnownFileType = image.jpeg; name = purple.jpg; path = ../../../img_source/purple.jpg; sourceTree = "<group>"; };
		991120D62079513400DF825C /* yellow.jpg */ = {isa = PBXFileReference; lastKnownFileType = image.jpeg; name = yellow.jpg; path = ../../../img_source/yellow.jpg; sourceTree = "<group>"; };
		991120D72079513400DF825C /* two.jpeg */ = {isa = PBXFileReference; lastKnownFileType = image.jpeg; name = two.jpeg; path = ../../../img_source/two.jpeg; sourceTree = "<group>"; };
		991120D82079513400DF825C /* white.jpeg */ = {isa = PBXFileReference; lastKnownFileType = image.jpeg; name = white.jpeg; path = ../../../img_source/white.jpeg; sourceTree = "<group>"; };
		991120D92079513400DF825C /* red.jpeg */ = {isa = PBXFileReference; lastKnownFileType = image.jpeg; name = red.jpeg; path = ../../../img_source/red.jpeg; sourceTree = "<group>"; };
		991120DA2079513400DF825C /* rose.jpg */ = {isa = PBXFileReference; lastKnownFileType = image.jpeg; name = rose.jpg; path = ../../../img_source/rose.jpg; sourceTree = "<group>"; };
		991120E12079524C00DF825C /* LSLibraryCollectionLocalCell.swift */ = {isa = PBXFileReference; lastKnownFileType = sourcecode.swift; path = LSLibraryCollectionLocalCell.swift; sourceTree = "<group>"; };
		991120E22079524C00DF825C /* LSLibraryCollectionLocalCell.xib */ = {isa = PBXFileReference; lastKnownFileType = file.xib; path = LSLibraryCollectionLocalCell.xib; sourceTree = "<group>"; };
		993EF891207A4608005B9D13 /* GrayScaleTool.swift */ = {isa = PBXFileReference; lastKnownFileType = sourcecode.swift; path = GrayScaleTool.swift; sourceTree = "<group>"; };
		993EF893207A4625005B9D13 /* BaseImageLoader.swift */ = {isa = PBXFileReference; lastKnownFileType = sourcecode.swift; path = BaseImageLoader.swift; sourceTree = "<group>"; };
		993EF896207A4BF7005B9D13 /* LSPixel.swift */ = {isa = PBXFileReference; lastKnownFileType = sourcecode.swift; path = LSPixel.swift; sourceTree = "<group>"; };
		993EF898207A53BC005B9D13 /* lena.gif */ = {isa = PBXFileReference; lastKnownFileType = image.gif; name = lena.gif; path = ../../../img_source/lena.gif; sourceTree = "<group>"; };
		993EF89A207A554D005B9D13 /* RGBA.swift */ = {isa = PBXFileReference; lastKnownFileType = sourcecode.swift; path = RGBA.swift; sourceTree = "<group>"; };
		993EF89F207A9F0C005B9D13 /* LSImageTestVCViewController.swift */ = {isa = PBXFileReference; lastKnownFileType = sourcecode.swift; path = LSImageTestVCViewController.swift; sourceTree = "<group>"; };
		998881D9207999440098818A /* LSLocalLibraryCollectionView.swift */ = {isa = PBXFileReference; lastKnownFileType = sourcecode.swift; path = LSLocalLibraryCollectionView.swift; sourceTree = "<group>"; };
		998881DD20799A760098818A /* LSLocalPhotoManager.swift */ = {isa = PBXFileReference; lastKnownFileType = sourcecode.swift; path = LSLocalPhotoManager.swift; sourceTree = "<group>"; };
		998881DF2079A24F0098818A /* LSLibraryCollectionCloudCell.xib */ = {isa = PBXFileReference; fileEncoding = 4; lastKnownFileType = file.xib; path = LSLibraryCollectionCloudCell.xib; sourceTree = "<group>"; };
		998881E02079A24F0098818A /* LSLibraryCollectionCloudCell.swift */ = {isa = PBXFileReference; fileEncoding = 4; lastKnownFileType = sourcecode.swift; path = LSLibraryCollectionCloudCell.swift; sourceTree = "<group>"; };
/* End PBXFileReference section */

/* Begin PBXFrameworksBuildPhase section */
		991120952078FF5A00DF825C /* Frameworks */ = {
			isa = PBXFrameworksBuildPhase;
			buildActionMask = 2147483647;
			files = (
			);
			runOnlyForDeploymentPostprocessing = 0;
		};
		991120AB2078FF5A00DF825C /* Frameworks */ = {
			isa = PBXFrameworksBuildPhase;
			buildActionMask = 2147483647;
			files = (
			);
			runOnlyForDeploymentPostprocessing = 0;
		};
		991120B62078FF5A00DF825C /* Frameworks */ = {
			isa = PBXFrameworksBuildPhase;
			buildActionMask = 2147483647;
			files = (
			);
			runOnlyForDeploymentPostprocessing = 0;
		};
/* End PBXFrameworksBuildPhase section */

/* Begin PBXGroup section */
		9911208F2078FF5A00DF825C = {
			isa = PBXGroup;
			children = (
				991120D42079511400DF825C /* tmp_resource */,
				9911209A2078FF5A00DF825C /* LemonStone */,
				991120B12078FF5A00DF825C /* LemonStoneTests */,
				991120BC2078FF5A00DF825C /* LemonStoneUITests */,
				991120992078FF5A00DF825C /* Products */,
			);
			sourceTree = "<group>";
		};
		991120992078FF5A00DF825C /* Products */ = {
			isa = PBXGroup;
			children = (
				991120982078FF5A00DF825C /* LemonStone.app */,
				991120AE2078FF5A00DF825C /* LemonStoneTests.xctest */,
				991120B92078FF5A00DF825C /* LemonStoneUITests.xctest */,
			);
			name = Products;
			sourceTree = "<group>";
		};
		9911209A2078FF5A00DF825C /* LemonStone */ = {
			isa = PBXGroup;
			children = (
				993EF890207A45D8005B9D13 /* ImageTools */,
				998881DB20799A510098818A /* Model */,
				991120D120790DAC00DF825C /* utils */,
				991120CB2078FFDD00DF825C /* UI */,
				9911209B2078FF5A00DF825C /* AppDelegate.swift */,
				9911209D2078FF5A00DF825C /* FirstViewController.swift */,
				9911209F2078FF5A00DF825C /* SecondViewController.swift */,
				991120A12078FF5A00DF825C /* Main.storyboard */,
				991120A42078FF5A00DF825C /* Assets.xcassets */,
				991120A62078FF5A00DF825C /* LaunchScreen.storyboard */,
				991120A92078FF5A00DF825C /* Info.plist */,
			);
			path = LemonStone;
			sourceTree = "<group>";
		};
		991120B12078FF5A00DF825C /* LemonStoneTests */ = {
			isa = PBXGroup;
			children = (
				991120B22078FF5A00DF825C /* LemonStoneTests.swift */,
				991120B42078FF5A00DF825C /* Info.plist */,
			);
			path = LemonStoneTests;
			sourceTree = "<group>";
		};
		991120BC2078FF5A00DF825C /* LemonStoneUITests */ = {
			isa = PBXGroup;
			children = (
				991120BD2078FF5A00DF825C /* LemonStoneUITests.swift */,
				991120BF2078FF5A00DF825C /* Info.plist */,
			);
			path = LemonStoneUITests;
			sourceTree = "<group>";
		};
		991120CB2078FFDD00DF825C /* UI */ = {
			isa = PBXGroup;
			children = (
				993EF89D207A9EC6005B9D13 /* test */,
				991120CC2079000700DF825C /* Library */,
			);
			path = UI;
			sourceTree = "<group>";
		};
		991120CC2079000700DF825C /* Library */ = {
			isa = PBXGroup;
			children = (
				991120CE2079001B00DF825C /* views */,
				991120CD2079001400DF825C /* controllers */,
			);
			path = Library;
			sourceTree = "<group>";
		};
		991120CD2079001400DF825C /* controllers */ = {
			isa = PBXGroup;
			children = (
				991120CF2079006000DF825C /* LSImageLibraryVC.swift */,
			);
			path = controllers;
			sourceTree = "<group>";
		};
		991120CE2079001B00DF825C /* views */ = {
			isa = PBXGroup;
			children = (
				998881E02079A24F0098818A /* LSLibraryCollectionCloudCell.swift */,
				998881DF2079A24F0098818A /* LSLibraryCollectionCloudCell.xib */,
				991120E12079524C00DF825C /* LSLibraryCollectionLocalCell.swift */,
				991120E22079524C00DF825C /* LSLibraryCollectionLocalCell.xib */,
				998881D9207999440098818A /* LSLocalLibraryCollectionView.swift */,
			);
			path = views;
			sourceTree = "<group>";
		};
		991120D120790DAC00DF825C /* utils */ = {
			isa = PBXGroup;
			children = (
				993EF89C207A9EA4005B9D13 /* test */,
				991120D220790DC800DF825C /* GlobalConstant.swift */,
			);
			path = utils;
			sourceTree = "<group>";
		};
		991120D42079511400DF825C /* tmp_resource */ = {
			isa = PBXGroup;
			children = (
				993EF898207A53BC005B9D13 /* lena.gif */,
				991120D92079513400DF825C /* red.jpeg */,
				991120D52079513400DF825C /* purple.jpg */,
				991120D62079513400DF825C /* yellow.jpg */,
				991120D82079513400DF825C /* white.jpeg */,
				991120DA2079513400DF825C /* rose.jpg */,
				991120D72079513400DF825C /* two.jpeg */,
			);
			path = tmp_resource;
			sourceTree = "<group>";
		};
		993EF890207A45D8005B9D13 /* ImageTools */ = {
			isa = PBXGroup;
			children = (
				993EF891207A4608005B9D13 /* GrayScaleTool.swift */,
				993EF895207A4BE2005B9D13 /* Base */,
			);
			path = ImageTools;
			sourceTree = "<group>";
		};
		993EF895207A4BE2005B9D13 /* Base */ = {
			isa = PBXGroup;
			children = (
				993EF893207A4625005B9D13 /* BaseImageLoader.swift */,
				993EF896207A4BF7005B9D13 /* LSPixel.swift */,
				993EF89A207A554D005B9D13 /* RGBA.swift */,
			);
			path = Base;
			sourceTree = "<group>";
		};
		993EF89C207A9EA4005B9D13 /* test */ = {
			isa = PBXGroup;
			children = (
			);
			path = test;
			sourceTree = "<group>";
		};
		993EF89D207A9EC6005B9D13 /* test */ = {
			isa = PBXGroup;
			children = (
				993EF89E207A9ECC005B9D13 /* controllers */,
			);
			path = test;
			sourceTree = "<group>";
		};
		993EF89E207A9ECC005B9D13 /* controllers */ = {
			isa = PBXGroup;
			children = (
				993EF89F207A9F0C005B9D13 /* LSImageTestVCViewController.swift */,
			);
			path = controllers;
			sourceTree = "<group>";
		};
		998881DB20799A510098818A /* Model */ = {
			isa = PBXGroup;
			children = (
				998881DC20799A590098818A /* Library */,
			);
			path = Model;
			sourceTree = "<group>";
		};
		998881DC20799A590098818A /* Library */ = {
			isa = PBXGroup;
			children = (
				998881DD20799A760098818A /* LSLocalPhotoManager.swift */,
			);
			path = Library;
			sourceTree = "<group>";
		};
/* End PBXGroup section */

/* Begin PBXNativeTarget section */
		991120972078FF5A00DF825C /* LemonStone */ = {
			isa = PBXNativeTarget;
			buildConfigurationList = 991120C22078FF5A00DF825C /* Build configuration list for PBXNativeTarget "LemonStone" */;
			buildPhases = (
				991120942078FF5A00DF825C /* Sources */,
				991120952078FF5A00DF825C /* Frameworks */,
				991120962078FF5A00DF825C /* Resources */,
			);
			buildRules = (
			);
			dependencies = (
			);
			name = LemonStone;
			productName = LemonStone;
			productReference = 991120982078FF5A00DF825C /* LemonStone.app */;
			productType = "com.apple.product-type.application";
		};
		991120AD2078FF5A00DF825C /* LemonStoneTests */ = {
			isa = PBXNativeTarget;
			buildConfigurationList = 991120C52078FF5A00DF825C /* Build configuration list for PBXNativeTarget "LemonStoneTests" */;
			buildPhases = (
				991120AA2078FF5A00DF825C /* Sources */,
				991120AB2078FF5A00DF825C /* Frameworks */,
				991120AC2078FF5A00DF825C /* Resources */,
			);
			buildRules = (
			);
			dependencies = (
				991120B02078FF5A00DF825C /* PBXTargetDependency */,
			);
			name = LemonStoneTests;
			productName = LemonStoneTests;
			productReference = 991120AE2078FF5A00DF825C /* LemonStoneTests.xctest */;
			productType = "com.apple.product-type.bundle.unit-test";
		};
		991120B82078FF5A00DF825C /* LemonStoneUITests */ = {
			isa = PBXNativeTarget;
			buildConfigurationList = 991120C82078FF5A00DF825C /* Build configuration list for PBXNativeTarget "LemonStoneUITests" */;
			buildPhases = (
				991120B52078FF5A00DF825C /* Sources */,
				991120B62078FF5A00DF825C /* Frameworks */,
				991120B72078FF5A00DF825C /* Resources */,
			);
			buildRules = (
			);
			dependencies = (
				991120BB2078FF5A00DF825C /* PBXTargetDependency */,
			);
			name = LemonStoneUITests;
			productName = LemonStoneUITests;
			productReference = 991120B92078FF5A00DF825C /* LemonStoneUITests.xctest */;
			productType = "com.apple.product-type.bundle.ui-testing";
		};
/* End PBXNativeTarget section */

/* Begin PBXProject section */
		991120902078FF5A00DF825C /* Project object */ = {
			isa = PBXProject;
			attributes = {
				LastSwiftUpdateCheck = 0920;
				LastUpgradeCheck = 0920;
				ORGANIZATIONNAME = "Sitong Chen";
				TargetAttributes = {
					991120972078FF5A00DF825C = {
						CreatedOnToolsVersion = 9.2;
						ProvisioningStyle = Automatic;
					};
					991120AD2078FF5A00DF825C = {
						CreatedOnToolsVersion = 9.2;
						ProvisioningStyle = Automatic;
						TestTargetID = 991120972078FF5A00DF825C;
					};
					991120B82078FF5A00DF825C = {
						CreatedOnToolsVersion = 9.2;
						ProvisioningStyle = Automatic;
						TestTargetID = 991120972078FF5A00DF825C;
					};
				};
			};
			buildConfigurationList = 991120932078FF5A00DF825C /* Build configuration list for PBXProject "LemonStone" */;
			compatibilityVersion = "Xcode 8.0";
			developmentRegion = en;
			hasScannedForEncodings = 0;
			knownRegions = (
				en,
				Base,
			);
			mainGroup = 9911208F2078FF5A00DF825C;
			productRefGroup = 991120992078FF5A00DF825C /* Products */;
			projectDirPath = "";
			projectRoot = "";
			targets = (
				991120972078FF5A00DF825C /* LemonStone */,
				991120AD2078FF5A00DF825C /* LemonStoneTests */,
				991120B82078FF5A00DF825C /* LemonStoneUITests */,
			);
		};
/* End PBXProject section */

/* Begin PBXResourcesBuildPhase section */
		991120962078FF5A00DF825C /* Resources */ = {
			isa = PBXResourcesBuildPhase;
			buildActionMask = 2147483647;
			files = (
				993EF899207A53BC005B9D13 /* lena.gif in Resources */,
				991120E42079524C00DF825C /* LSLibraryCollectionLocalCell.xib in Resources */,
				991120E02079513400DF825C /* rose.jpg in Resources */,
				991120A82078FF5A00DF825C /* LaunchScreen.storyboard in Resources */,
				991120DC2079513400DF825C /* yellow.jpg in Resources */,
				998881E12079A2500098818A /* LSLibraryCollectionCloudCell.xib in Resources */,
				991120A52078FF5A00DF825C /* Assets.xcassets in Resources */,
				991120DB2079513400DF825C /* purple.jpg in Resources */,
				991120DF2079513400DF825C /* red.jpeg in Resources */,
				991120DE2079513400DF825C /* white.jpeg in Resources */,
				991120A32078FF5A00DF825C /* Main.storyboard in Resources */,
				991120DD2079513400DF825C /* two.jpeg in Resources */,
			);
			runOnlyForDeploymentPostprocessing = 0;
		};
		991120AC2078FF5A00DF825C /* Resources */ = {
			isa = PBXResourcesBuildPhase;
			buildActionMask = 2147483647;
			files = (
			);
			runOnlyForDeploymentPostprocessing = 0;
		};
		991120B72078FF5A00DF825C /* Resources */ = {
			isa = PBXResourcesBuildPhase;
			buildActionMask = 2147483647;
			files = (
			);
			runOnlyForDeploymentPostprocessing = 0;
		};
/* End PBXResourcesBuildPhase section */

/* Begin PBXSourcesBuildPhase section */
		991120942078FF5A00DF825C /* Sources */ = {
			isa = PBXSourcesBuildPhase;
			buildActionMask = 2147483647;
			files = (
				993EF894207A4625005B9D13 /* BaseImageLoader.swift in Sources */,
				991120E32079524C00DF825C /* LSLibraryCollectionLocalCell.swift in Sources */,
				991120A02078FF5A00DF825C /* SecondViewController.swift in Sources */,
				991120D320790DC800DF825C /* GlobalConstant.swift in Sources */,
				993EF8A0207A9F0C005B9D13 /* LSImageTestVCViewController.swift in Sources */,
				993EF89B207A554D005B9D13 /* RGBA.swift in Sources */,
				998881DE20799A760098818A /* LSLocalPhotoManager.swift in Sources */,
				993EF897207A4BF7005B9D13 /* LSPixel.swift in Sources */,
				998881E22079A2500098818A /* LSLibraryCollectionCloudCell.swift in Sources */,
				991120D02079006000DF825C /* LSImageLibraryVC.swift in Sources */,
				998881DA207999440098818A /* LSLocalLibraryCollectionView.swift in Sources */,
				993EF892207A4608005B9D13 /* GrayScaleTool.swift in Sources */,
				9911209C2078FF5A00DF825C /* AppDelegate.swift in Sources */,
				9911209E2078FF5A00DF825C /* FirstViewController.swift in Sources */,
			);
			runOnlyForDeploymentPostprocessing = 0;
		};
		991120AA2078FF5A00DF825C /* Sources */ = {
			isa = PBXSourcesBuildPhase;
			buildActionMask = 2147483647;
			files = (
				991120B32078FF5A00DF825C /* LemonStoneTests.swift in Sources */,
			);
			runOnlyForDeploymentPostprocessing = 0;
		};
		991120B52078FF5A00DF825C /* Sources */ = {
			isa = PBXSourcesBuildPhase;
			buildActionMask = 2147483647;
			files = (
				991120BE2078FF5A00DF825C /* LemonStoneUITests.swift in Sources */,
			);
			runOnlyForDeploymentPostprocessing = 0;
		};
/* End PBXSourcesBuildPhase section */

/* Begin PBXTargetDependency section */
		991120B02078FF5A00DF825C /* PBXTargetDependency */ = {
			isa = PBXTargetDependency;
			target = 991120972078FF5A00DF825C /* LemonStone */;
			targetProxy = 991120AF2078FF5A00DF825C /* PBXContainerItemProxy */;
		};
		991120BB2078FF5A00DF825C /* PBXTargetDependency */ = {
			isa = PBXTargetDependency;
			target = 991120972078FF5A00DF825C /* LemonStone */;
			targetProxy = 991120BA2078FF5A00DF825C /* PBXContainerItemProxy */;
		};
/* End PBXTargetDependency section */

/* Begin PBXVariantGroup section */
		991120A12078FF5A00DF825C /* Main.storyboard */ = {
			isa = PBXVariantGroup;
			children = (
				991120A22078FF5A00DF825C /* Base */,
			);
			name = Main.storyboard;
			sourceTree = "<group>";
		};
		991120A62078FF5A00DF825C /* LaunchScreen.storyboard */ = {
			isa = PBXVariantGroup;
			children = (
				991120A72078FF5A00DF825C /* Base */,
			);
			name = LaunchScreen.storyboard;
			sourceTree = "<group>";
		};
/* End PBXVariantGroup section */

/* Begin XCBuildConfiguration section */
		991120C02078FF5A00DF825C /* Debug */ = {
			isa = XCBuildConfiguration;
			buildSettings = {
				ALWAYS_SEARCH_USER_PATHS = NO;
				CLANG_ANALYZER_NONNULL = YES;
				CLANG_ANALYZER_NUMBER_OBJECT_CONVERSION = YES_AGGRESSIVE;
				CLANG_CXX_LANGUAGE_STANDARD = "gnu++14";
				CLANG_CXX_LIBRARY = "libc++";
				CLANG_ENABLE_MODULES = YES;
				CLANG_ENABLE_OBJC_ARC = YES;
				CLANG_WARN_BLOCK_CAPTURE_AUTORELEASING = YES;
				CLANG_WARN_BOOL_CONVERSION = YES;
				CLANG_WARN_COMMA = YES;
				CLANG_WARN_CONSTANT_CONVERSION = YES;
				CLANG_WARN_DIRECT_OBJC_ISA_USAGE = YES_ERROR;
				CLANG_WARN_DOCUMENTATION_COMMENTS = YES;
				CLANG_WARN_EMPTY_BODY = YES;
				CLANG_WARN_ENUM_CONVERSION = YES;
				CLANG_WARN_INFINITE_RECURSION = YES;
				CLANG_WARN_INT_CONVERSION = YES;
				CLANG_WARN_NON_LITERAL_NULL_CONVERSION = YES;
				CLANG_WARN_OBJC_LITERAL_CONVERSION = YES;
				CLANG_WARN_OBJC_ROOT_CLASS = YES_ERROR;
				CLANG_WARN_RANGE_LOOP_ANALYSIS = YES;
				CLANG_WARN_STRICT_PROTOTYPES = YES;
				CLANG_WARN_SUSPICIOUS_MOVE = YES;
				CLANG_WARN_UNGUARDED_AVAILABILITY = YES_AGGRESSIVE;
				CLANG_WARN_UNREACHABLE_CODE = YES;
				CLANG_WARN__DUPLICATE_METHOD_MATCH = YES;
				CODE_SIGN_IDENTITY = "iPhone Developer";
				COPY_PHASE_STRIP = NO;
				DEBUG_INFORMATION_FORMAT = dwarf;
				ENABLE_STRICT_OBJC_MSGSEND = YES;
				ENABLE_TESTABILITY = YES;
				GCC_C_LANGUAGE_STANDARD = gnu11;
				GCC_DYNAMIC_NO_PIC = NO;
				GCC_NO_COMMON_BLOCKS = YES;
				GCC_OPTIMIZATION_LEVEL = 0;
				GCC_PREPROCESSOR_DEFINITIONS = (
					"DEBUG=1",
					"$(inherited)",
				);
				GCC_WARN_64_TO_32_BIT_CONVERSION = YES;
				GCC_WARN_ABOUT_RETURN_TYPE = YES_ERROR;
				GCC_WARN_UNDECLARED_SELECTOR = YES;
				GCC_WARN_UNINITIALIZED_AUTOS = YES_AGGRESSIVE;
				GCC_WARN_UNUSED_FUNCTION = YES;
				GCC_WARN_UNUSED_VARIABLE = YES;
				IPHONEOS_DEPLOYMENT_TARGET = 11.2;
				MTL_ENABLE_DEBUG_INFO = YES;
				ONLY_ACTIVE_ARCH = YES;
				SDKROOT = iphoneos;
				SWIFT_ACTIVE_COMPILATION_CONDITIONS = DEBUG;
				SWIFT_OPTIMIZATION_LEVEL = "-Onone";
			};
			name = Debug;
		};
		991120C12078FF5A00DF825C /* Release */ = {
			isa = XCBuildConfiguration;
			buildSettings = {
				ALWAYS_SEARCH_USER_PATHS = NO;
				CLANG_ANALYZER_NONNULL = YES;
				CLANG_ANALYZER_NUMBER_OBJECT_CONVERSION = YES_AGGRESSIVE;
				CLANG_CXX_LANGUAGE_STANDARD = "gnu++14";
				CLANG_CXX_LIBRARY = "libc++";
				CLANG_ENABLE_MODULES = YES;
				CLANG_ENABLE_OBJC_ARC = YES;
				CLANG_WARN_BLOCK_CAPTURE_AUTORELEASING = YES;
				CLANG_WARN_BOOL_CONVERSION = YES;
				CLANG_WARN_COMMA = YES;
				CLANG_WARN_CONSTANT_CONVERSION = YES;
				CLANG_WARN_DIRECT_OBJC_ISA_USAGE = YES_ERROR;
				CLANG_WARN_DOCUMENTATION_COMMENTS = YES;
				CLANG_WARN_EMPTY_BODY = YES;
				CLANG_WARN_ENUM_CONVERSION = YES;
				CLANG_WARN_INFINITE_RECURSION = YES;
				CLANG_WARN_INT_CONVERSION = YES;
				CLANG_WARN_NON_LITERAL_NULL_CONVERSION = YES;
				CLANG_WARN_OBJC_LITERAL_CONVERSION = YES;
				CLANG_WARN_OBJC_ROOT_CLASS = YES_ERROR;
				CLANG_WARN_RANGE_LOOP_ANALYSIS = YES;
				CLANG_WARN_STRICT_PROTOTYPES = YES;
				CLANG_WARN_SUSPICIOUS_MOVE = YES;
				CLANG_WARN_UNGUARDED_AVAILABILITY = YES_AGGRESSIVE;
				CLANG_WARN_UNREACHABLE_CODE = YES;
				CLANG_WARN__DUPLICATE_METHOD_MATCH = YES;
				CODE_SIGN_IDENTITY = "iPhone Developer";
				COPY_PHASE_STRIP = NO;
				DEBUG_INFORMATION_FORMAT = "dwarf-with-dsym";
				ENABLE_NS_ASSERTIONS = NO;
				ENABLE_STRICT_OBJC_MSGSEND = YES;
				GCC_C_LANGUAGE_STANDARD = gnu11;
				GCC_NO_COMMON_BLOCKS = YES;
				GCC_WARN_64_TO_32_BIT_CONVERSION = YES;
				GCC_WARN_ABOUT_RETURN_TYPE = YES_ERROR;
				GCC_WARN_UNDECLARED_SELECTOR = YES;
				GCC_WARN_UNINITIALIZED_AUTOS = YES_AGGRESSIVE;
				GCC_WARN_UNUSED_FUNCTION = YES;
				GCC_WARN_UNUSED_VARIABLE = YES;
				IPHONEOS_DEPLOYMENT_TARGET = 11.2;
				MTL_ENABLE_DEBUG_INFO = NO;
				SDKROOT = iphoneos;
				SWIFT_OPTIMIZATION_LEVEL = "-Owholemodule";
				VALIDATE_PRODUCT = YES;
			};
			name = Release;
		};
		991120C32078FF5A00DF825C /* Debug */ = {
			isa = XCBuildConfiguration;
			buildSettings = {
				ASSETCATALOG_COMPILER_APPICON_NAME = AppIcon;
				CODE_SIGN_STYLE = Automatic;
				DEVELOPMENT_TEAM = 2864PGKF26;
				INFOPLIST_FILE = LemonStone/Info.plist;
				LD_RUNPATH_SEARCH_PATHS = "$(inherited) @executable_path/Frameworks";
				PRODUCT_BUNDLE_IDENTIFIER = Sitong.LemonStone;
				PRODUCT_NAME = "$(TARGET_NAME)";
				SWIFT_VERSION = 4.0;
				TARGETED_DEVICE_FAMILY = "1,2";
			};
			name = Debug;
		};
		991120C42078FF5A00DF825C /* Release */ = {
			isa = XCBuildConfiguration;
			buildSettings = {
				ASSETCATALOG_COMPILER_APPICON_NAME = AppIcon;
				CODE_SIGN_STYLE = Automatic;
				DEVELOPMENT_TEAM = 2864PGKF26;
				INFOPLIST_FILE = LemonStone/Info.plist;
				LD_RUNPATH_SEARCH_PATHS = "$(inherited) @executable_path/Frameworks";
				PRODUCT_BUNDLE_IDENTIFIER = Sitong.LemonStone;
				PRODUCT_NAME = "$(TARGET_NAME)";
				SWIFT_VERSION = 4.0;
				TARGETED_DEVICE_FAMILY = "1,2";
			};
			name = Release;
		};
		991120C62078FF5A00DF825C /* Debug */ = {
			isa = XCBuildConfiguration;
			buildSettings = {
				ALWAYS_EMBED_SWIFT_STANDARD_LIBRARIES = YES;
				BUNDLE_LOADER = "$(TEST_HOST)";
				CODE_SIGN_STYLE = Automatic;
				DEVELOPMENT_TEAM = 2864PGKF26;
				INFOPLIST_FILE = LemonStoneTests/Info.plist;
				LD_RUNPATH_SEARCH_PATHS = "$(inherited) @executable_path/Frameworks @loader_path/Frameworks";
				PRODUCT_BUNDLE_IDENTIFIER = Sitong.LemonStoneTests;
				PRODUCT_NAME = "$(TARGET_NAME)";
				SWIFT_VERSION = 4.0;
				TARGETED_DEVICE_FAMILY = "1,2";
				TEST_HOST = "$(BUILT_PRODUCTS_DIR)/LemonStone.app/LemonStone";
			};
			name = Debug;
		};
		991120C72078FF5A00DF825C /* Release */ = {
			isa = XCBuildConfiguration;
			buildSettings = {
				ALWAYS_EMBED_SWIFT_STANDARD_LIBRARIES = YES;
				BUNDLE_LOADER = "$(TEST_HOST)";
				CODE_SIGN_STYLE = Automatic;
				DEVELOPMENT_TEAM = 2864PGKF26;
				INFOPLIST_FILE = LemonStoneTests/Info.plist;
				LD_RUNPATH_SEARCH_PATHS = "$(inherited) @executable_path/Frameworks @loader_path/Frameworks";
				PRODUCT_BUNDLE_IDENTIFIER = Sitong.LemonStoneTests;
				PRODUCT_NAME = "$(TARGET_NAME)";
				SWIFT_VERSION = 4.0;
				TARGETED_DEVICE_FAMILY = "1,2";
				TEST_HOST = "$(BUILT_PRODUCTS_DIR)/LemonStone.app/LemonStone";
			};
			name = Release;
		};
		991120C92078FF5A00DF825C /* Debug */ = {
			isa = XCBuildConfiguration;
			buildSettings = {
				ALWAYS_EMBED_SWIFT_STANDARD_LIBRARIES = YES;
				CODE_SIGN_STYLE = Automatic;
				DEVELOPMENT_TEAM = 2864PGKF26;
				INFOPLIST_FILE = LemonStoneUITests/Info.plist;
				LD_RUNPATH_SEARCH_PATHS = "$(inherited) @executable_path/Frameworks @loader_path/Frameworks";
				PRODUCT_BUNDLE_IDENTIFIER = Sitong.LemonStoneUITests;
				PRODUCT_NAME = "$(TARGET_NAME)";
				SWIFT_VERSION = 4.0;
				TARGETED_DEVICE_FAMILY = "1,2";
				TEST_TARGET_NAME = LemonStone;
			};
			name = Debug;
		};
		991120CA2078FF5A00DF825C /* Release */ = {
			isa = XCBuildConfiguration;
			buildSettings = {
				ALWAYS_EMBED_SWIFT_STANDARD_LIBRARIES = YES;
				CODE_SIGN_STYLE = Automatic;
				DEVELOPMENT_TEAM = 2864PGKF26;
				INFOPLIST_FILE = LemonStoneUITests/Info.plist;
				LD_RUNPATH_SEARCH_PATHS = "$(inherited) @executable_path/Frameworks @loader_path/Frameworks";
				PRODUCT_BUNDLE_IDENTIFIER = Sitong.LemonStoneUITests;
				PRODUCT_NAME = "$(TARGET_NAME)";
				SWIFT_VERSION = 4.0;
				TARGETED_DEVICE_FAMILY = "1,2";
				TEST_TARGET_NAME = LemonStone;
			};
			name = Release;
		};
/* End XCBuildConfiguration section */

/* Begin XCConfigurationList section */
		991120932078FF5A00DF825C /* Build configuration list for PBXProject "LemonStone" */ = {
			isa = XCConfigurationList;
			buildConfigurations = (
				991120C02078FF5A00DF825C /* Debug */,
				991120C12078FF5A00DF825C /* Release */,
			);
			defaultConfigurationIsVisible = 0;
			defaultConfigurationName = Release;
		};
		991120C22078FF5A00DF825C /* Build configuration list for PBXNativeTarget "LemonStone" */ = {
			isa = XCConfigurationList;
			buildConfigurations = (
				991120C32078FF5A00DF825C /* Debug */,
				991120C42078FF5A00DF825C /* Release */,
			);
			defaultConfigurationIsVisible = 0;
			defaultConfigurationName = Release;
		};
		991120C52078FF5A00DF825C /* Build configuration list for PBXNativeTarget "LemonStoneTests" */ = {
			isa = XCConfigurationList;
			buildConfigurations = (
				991120C62078FF5A00DF825C /* Debug */,
				991120C72078FF5A00DF825C /* Release */,
			);
			defaultConfigurationIsVisible = 0;
			defaultConfigurationName = Release;
		};
		991120C82078FF5A00DF825C /* Build configuration list for PBXNativeTarget "LemonStoneUITests" */ = {
			isa = XCConfigurationList;
			buildConfigurations = (
				991120C92078FF5A00DF825C /* Debug */,
				991120CA2078FF5A00DF825C /* Release */,
			);
			defaultConfigurationIsVisible = 0;
			defaultConfigurationName = Release;
		};
/* End XCConfigurationList section */
	};
	rootObject = 991120902078FF5A00DF825C /* Project object */;
}
